
Microsoft Visual Studio Solution File, Format Version 12.00
# Visual Studio Version 16
VisualStudioVersion = 16.0.30503.244
MinimumVisualStudioVersion = 10.0.40219.1
Project("{FAE04EC0-301F-11D3-BF4B-00C04F79EFBC}") = "esda_exam2_Cinemaster", "esda_exam2_Cinemaster\esda_exam2_Cinemaster.csproj", "{6C2B8BF7-A4F0-4B13-AC37-CD95822688EE}"
EndProject
Global
	GlobalSection(SolutionConfigurationPlatforms) = preSolution
		Debug|Any CPU = Debug|Any CPU
		Release|Any CPU = Release|Any CPU
	EndGlobalSection
	GlobalSection(ProjectConfigurationPlatforms) = postSolution
		{6C2B8BF7-A4F0-4B13-AC37-CD95822688EE}.Debug|Any CPU.ActiveCfg = Debug|Any CPU
		{6C2B8BF7-A4F0-4B13-AC37-CD95822688EE}.Debug|Any CPU.Build.0 = Debug|Any CPU
		{6C2B8BF7-A4F0-4B13-AC37-CD95822688EE}.Release|Any CPU.ActiveCfg = Release|Any CPU
		{6C2B8BF7-A4F0-4B13-AC37-CD95822688EE}.Release|Any CPU.Build.0 = Release|Any CPU
	EndGlobalSection
	GlobalSection(SolutionProperties) = preSolution
		HideSolutionNode = FALSE
	EndGlobalSection
	GlobalSection(ExtensibilityGlobals) = postSolution
		SolutionGuid = {1650015A-BAA2-4B41-B970-915207304EC1}
	EndGlobalSection
EndGlobal
